{
  "name": "qduclassquery",
  "version": "1.0.0",
  "lockfileVersion": 2,
  "requires": true,
  "packages": {
    "": {
      "name": "qduclassquery",
      "version": "1.0.0",
      "license": "ISC",
      "dependencies": {
        "@vant/weapp": "^1.6.2"
      }
    },
    "node_modules/@vant/weapp": {
      "version": "1.6.2",
      "resolved": "https://registry.npm.taobao.org/@vant/weapp/download/@vant/weapp-1.6.2.tgz",
      "integrity": "sha1-UaVSrll2SLaVXtc2ClN8Em2bg8M="
    }
  },
  "dependencies": {
    "@vant/weapp": {
      "version": "1.6.2",
      "resolved": "https://registry.npm.taobao.org/@vant/weapp/download/@vant/weapp-1.6.2.tgz",
      "integrity": "sha1-UaVSrll2SLaVXtc2ClN8Em2bg8M="
    }
  }
}
